
Microsoft Visual Studio Solution File, Format Version 12.00
# Visual Studio Version 16
VisualStudioVersion = 16.0.31702.278
MinimumVisualStudioVersion = 10.0.40219.1
Project("{8BC9CEB8-8B4A-11D0-8D11-00A0C91BC942}") = "A3Launcher", "A3Launcher\A3Launcher.vcxproj", "{27AA4F38-BCBF-4E3E-91E5-1259877CCB8A}"
EndProject
Project("{8BC9CEB8-8B4A-11D0-8D11-00A0C91BC942}") = "Detours", "Detours\vs2019\Detours.vcxproj", "{E9921A49-62A5-4E1B-A59C-5AC26EBEBFF9}"
EndProject
Project("{8BC9CEB8-8B4A-11D0-8D11-00A0C91BC942}") = "A3Hooks", "A3Hooks\A3Hooks.vcxproj", "{798A79E0-BF1A-4244-AFD2-AFCC17043AD6}"
EndProject
Global
	GlobalSection(SolutionConfigurationPlatforms) = preSolution
		Debug|x64 = Debug|x64
		Debug|x86 = Debug|x86
		Release|x64 = Release|x64
		Release|x86 = Release|x86
	EndGlobalSection
	GlobalSection(ProjectConfigurationPlatforms) = postSolution
		{27AA4F38-BCBF-4E3E-91E5-1259877CCB8A}.Debug|x64.ActiveCfg = Debug|x64
		{27AA4F38-BCBF-4E3E-91E5-1259877CCB8A}.Debug|x64.Build.0 = Debug|x64
		{27AA4F38-BCBF-4E3E-91E5-1259877CCB8A}.Debug|x86.ActiveCfg = Debug|Win32
		{27AA4F38-BCBF-4E3E-91E5-1259877CCB8A}.Debug|x86.Build.0 = Debug|Win32
		{27AA4F38-BCBF-4E3E-91E5-1259877CCB8A}.Release|x64.ActiveCfg = Release|x64
		{27AA4F38-BCBF-4E3E-91E5-1259877CCB8A}.Release|x64.Build.0 = Release|x64
		{27AA4F38-BCBF-4E3E-91E5-1259877CCB8A}.Release|x86.ActiveCfg = Release|Win32
		{27AA4F38-BCBF-4E3E-91E5-1259877CCB8A}.Release|x86.Build.0 = Release|Win32
		{E9921A49-62A5-4E1B-A59C-5AC26EBEBFF9}.Debug|x64.ActiveCfg = Debug|x64
		{E9921A49-62A5-4E1B-A59C-5AC26EBEBFF9}.Debug|x64.Build.0 = Debug|x64
		{E9921A49-62A5-4E1B-A59C-5AC26EBEBFF9}.Debug|x86.ActiveCfg = Debug|Win32
		{E9921A49-62A5-4E1B-A59C-5AC26EBEBFF9}.Debug|x86.Build.0 = Debug|Win32
		{E9921A49-62A5-4E1B-A59C-5AC26EBEBFF9}.Release|x64.ActiveCfg = Release|x64
		{E9921A49-62A5-4E1B-A59C-5AC26EBEBFF9}.Release|x64.Build.0 = Release|x64
		{E9921A49-62A5-4E1B-A59C-5AC26EBEBFF9}.Release|x86.ActiveCfg = Release|Win32
		{E9921A49-62A5-4E1B-A59C-5AC26EBEBFF9}.Release|x86.Build.0 = Release|Win32
		{798A79E0-BF1A-4244-AFD2-AFCC17043AD6}.Debug|x64.ActiveCfg = Debug|x64
		{798A79E0-BF1A-4244-AFD2-AFCC17043AD6}.Debug|x64.Build.0 = Debug|x64
		{798A79E0-BF1A-4244-AFD2-AFCC17043AD6}.Debug|x86.ActiveCfg = Debug|Win32
		{798A79E0-BF1A-4244-AFD2-AFCC17043AD6}.Debug|x86.Build.0 = Debug|Win32
		{798A79E0-BF1A-4244-AFD2-AFCC17043AD6}.Release|x64.ActiveCfg = Release|x64
		{798A79E0-BF1A-4244-AFD2-AFCC17043AD6}.Release|x64.Build.0 = Release|x64
		{798A79E0-BF1A-4244-AFD2-AFCC17043AD6}.Release|x86.ActiveCfg = Release|Win32
		{798A79E0-BF1A-4244-AFD2-AFCC17043AD6}.Release|x86.Build.0 = Release|Win32
	EndGlobalSection
	GlobalSection(SolutionProperties) = preSolution
		HideSolutionNode = FALSE
	EndGlobalSection
	GlobalSection(ExtensibilityGlobals) = postSolution
		SolutionGuid = {DE5C358F-0F41-49E3-BA68-F24C009E0E5B}
	EndGlobalSection
EndGlobal
